PODS:
  - EDHFinder (0.1.1):
    - EDHUtility (~> 0.1)
    - FCFileManager (~> 1.0)
    - FontAwesomeKit (~> 2.1)
    - MGSwipeTableCell (~> 1.1)
  - EDHUtility (0.1.2)
  - Expecta (0.3.1)
  - Expecta+Snapshots (1.2.1):
    - Expecta
    - FBSnapshotTestCase
  - FBSnapshotTestCase (1.2)
  - FCFileManager (1.0.5)
  - FontAwesomeKit (2.1.8):
    - FontAwesomeKit/Core (= 2.1.8)
    - FontAwesomeKit/FontAwesome (= 2.1.8)
    - FontAwesomeKit/FoundationIcons (= 2.1.8)
    - FontAwesomeKit/IonIcons (= 2.1.8)
    - FontAwesomeKit/Zocial (= 2.1.8)
  - FontAwesomeKit/Core (2.1.8)
  - FontAwesomeKit/FontAwesome (2.1.8):
    - FontAwesomeKit/Core
  - FontAwesomeKit/FoundationIcons (2.1.8):
    - FontAwesomeKit/Core
  - FontAwesomeKit/IonIcons (2.1.8):
    - FontAwesomeKit/Core
  - FontAwesomeKit/Zocial (2.1.8):
    - FontAwesomeKit/Core
  - MGSwipeTableCell (1.1.1)
  - Specta (0.2.1)

DEPENDENCIES:
  - EDHFinder (from `../`)
  - Expecta
  - Expecta+Snapshots
  - FBSnapshotTestCase
  - Specta (~> 0.2.1)

EXTERNAL SOURCES:
  EDHFinder:
    :path: "../"

SPEC CHECKSUMS:
  EDHFinder: f493fef84795dc524b62d593b460c7fab1b60e92
  EDHUtility: 9e888c6880f52318e6f018374adb3d15c749f4a5
  Expecta: a354d4633409dd9fe8c4f5ff5130426adbe31628
  Expecta+Snapshots: d5efa75539358f4e7210fe05d6e2bf0aae985195
  FBSnapshotTestCase: cea4d098941d86e023034d6cf0ad95f9de4f3f1a
  FCFileManager: 028798097560c68ca0b9b73497ea0076af6d6e31
  FontAwesomeKit: 64759fb28b5d2e74a1bd81553d7c11ca10e32179
  MGSwipeTableCell: fdeddef21fff3071c8ee151eb2c1a53dc9ac2f2c
  Specta: 15a276a6343867b426d5ed135d5aa4d04123a573

PODFILE CHECKSUM: 60e1726e6119ecb21006420facfa6d796528fbde

COCOAPODS: 1.1.0
